
Microsoft Visual Studio Solution File, Format Version 12.00
Project("{FAE04EC0-301F-11D3-BF4B-00C04F79EFBC}") = "MainUserInterface", "MainUserInterface\MainUserInterface.csproj", "{B47FCE5E-918F-4CE3-B657-89BA65B87776}"
EndProject
Project("{FAE04EC0-301F-11D3-BF4B-00C04F79EFBC}") = "SqlContext", "SqlContext\SqlContext.csproj", "{51432E42-606E-4029-8A1E-07F7EEFF7B8C}"
EndProject
Project("{FAE04EC0-301F-11D3-BF4B-00C04F79EFBC}") = "UserControls", "UserControls\UserControls.csproj", "{160F3E50-FC33-40E5-ACBE-62DF1DDB2B9F}"
EndProject
Global
	GlobalSection(SolutionConfigurationPlatforms) = preSolution
		Debug|Any CPU = Debug|Any CPU
		Release|Any CPU = Release|Any CPU
	EndGlobalSection
	GlobalSection(ProjectConfigurationPlatforms) = postSolution
		{B47FCE5E-918F-4CE3-B657-89BA65B87776}.Debug|Any CPU.ActiveCfg = Debug|Any CPU
		{B47FCE5E-918F-4CE3-B657-89BA65B87776}.Debug|Any CPU.Build.0 = Debug|Any CPU
		{B47FCE5E-918F-4CE3-B657-89BA65B87776}.Release|Any CPU.ActiveCfg = Release|Any CPU
		{B47FCE5E-918F-4CE3-B657-89BA65B87776}.Release|Any CPU.Build.0 = Release|Any CPU
		{51432E42-606E-4029-8A1E-07F7EEFF7B8C}.Debug|Any CPU.ActiveCfg = Debug|Any CPU
		{51432E42-606E-4029-8A1E-07F7EEFF7B8C}.Debug|Any CPU.Build.0 = Debug|Any CPU
		{51432E42-606E-4029-8A1E-07F7EEFF7B8C}.Release|Any CPU.ActiveCfg = Release|Any CPU
		{51432E42-606E-4029-8A1E-07F7EEFF7B8C}.Release|Any CPU.Build.0 = Release|Any CPU
		{160F3E50-FC33-40E5-ACBE-62DF1DDB2B9F}.Debug|Any CPU.ActiveCfg = Debug|Any CPU
		{160F3E50-FC33-40E5-ACBE-62DF1DDB2B9F}.Debug|Any CPU.Build.0 = Debug|Any CPU
		{160F3E50-FC33-40E5-ACBE-62DF1DDB2B9F}.Release|Any CPU.ActiveCfg = Release|Any CPU
		{160F3E50-FC33-40E5-ACBE-62DF1DDB2B9F}.Release|Any CPU.Build.0 = Release|Any CPU
	EndGlobalSection
EndGlobal
